PODS:
  - Alamofire (5.6.4)
  - SwiftyJSON (4.3.0)

DEPENDENCIES:
  - Alamofire (~> 5.6.4)
  - SwiftyJSON (~> 4.0)

SPEC REPOS:
  trunk:
    - Alamofire
    - SwiftyJSON

SPEC CHECKSUMS:
  Alamofire: 4e95d97098eacb88856099c4fc79b526a299e48c
  SwiftyJSON: 6faa0040f8b59dead0ee07436cbf76b73c08fd08

PODFILE CHECKSUM: 2daf1507b3ed16cdf0440f50a2212231c3469702

COCOAPODS: 1.11.3
