// !$*UTF8*$!
{
	archiveVersion = 1;
	classes = {
	};
	objectVersion = 56;
	objects = {

/* Begin PBXBuildFile section */
		4FD3AC974385AFCC5329245F /* Pods_SampleAlamoFire.framework in Frameworks */ = {isa = PBXBuildFile; fileRef = 17ED2E15803D501E74A4D1AF /* Pods_SampleAlamoFire.framework */; };
		77D0430129707C1400F5333C /* PulsaDataView.swift in Sources */ = {isa = PBXBuildFile; fileRef = 77D0430029707C1400F5333C /* PulsaDataView.swift */; };
		77D043032971A2D100F5333C /* PulsaDataViewModel.swift in Sources */ = {isa = PBXBuildFile; fileRef = 77D043022971A2D100F5333C /* PulsaDataViewModel.swift */; };
		77D04308297424FA00F5333C /* QrisView.swift in Sources */ = {isa = PBXBuildFile; fileRef = 77D04307297424FA00F5333C /* QrisView.swift */; };
		77D0430A297545A500F5333C /* AccountViewModel.swift in Sources */ = {isa = PBXBuildFile; fileRef = 77D04309297545A500F5333C /* AccountViewModel.swift */; };
		D3089C5129896111004B9FE3 /* PhoneContactsPreview.swift in Sources */ = {isa = PBXBuildFile; fileRef = D3089C4F29896111004B9FE3 /* PhoneContactsPreview.swift */; };
		D3089C5229896111004B9FE3 /* PascaBayarView.swift in Sources */ = {isa = PBXBuildFile; fileRef = D3089C5029896111004B9FE3 /* PascaBayarView.swift */; };
		D35A019A296FB99500074262 /* TokenResponse.swift in Sources */ = {isa = PBXBuildFile; fileRef = D35A0199296FB99500074262 /* TokenResponse.swift */; };
		D35A019C296FBB2E00074262 /* SignatureHelper.swift in Sources */ = {isa = PBXBuildFile; fileRef = D35A019B296FBB2E00074262 /* SignatureHelper.swift */; };
		D35A019E296FBB9100074262 /* DateHelper.swift in Sources */ = {isa = PBXBuildFile; fileRef = D35A019D296FBB9100074262 /* DateHelper.swift */; };
		D35A01A0296FBBCA00074262 /* SampleView.swift in Sources */ = {isa = PBXBuildFile; fileRef = D35A019F296FBBCA00074262 /* SampleView.swift */; };
		D35A01A2296FBC4500074262 /* SampleViewModel.swift in Sources */ = {isa = PBXBuildFile; fileRef = D35A01A1296FBC4500074262 /* SampleViewModel.swift */; };
		D35A01A4296FBCC700074262 /* SampleApiService.swift in Sources */ = {isa = PBXBuildFile; fileRef = D35A01A3296FBCC700074262 /* SampleApiService.swift */; };
		D35A01A6296FBF8400074262 /* TransactionHelper.swift in Sources */ = {isa = PBXBuildFile; fileRef = D35A01A5296FBF8400074262 /* TransactionHelper.swift */; };
		D37418C22968A4000088091D /* SampleUrl.swift in Sources */ = {isa = PBXBuildFile; fileRef = D37418C12968A4000088091D /* SampleUrl.swift */; };
		D37418C52968ACD30088091D /* UserResponse.swift in Sources */ = {isa = PBXBuildFile; fileRef = D37418C42968ACD30088091D /* UserResponse.swift */; };
		D37ABF61296947A9001B414E /* UserView.swift in Sources */ = {isa = PBXBuildFile; fileRef = D37ABF60296947A9001B414E /* UserView.swift */; };
		D38643FB2969BE0A00F83930 /* ApiManager.swift in Sources */ = {isa = PBXBuildFile; fileRef = D38643FA2969BE0A00F83930 /* ApiManager.swift */; };
		D38643FD2969BE1300F83930 /* ApiService.swift in Sources */ = {isa = PBXBuildFile; fileRef = D38643FC2969BE1300F83930 /* ApiService.swift */; };
		D38644002969C29500F83930 /* EncodeableExtentions.swift in Sources */ = {isa = PBXBuildFile; fileRef = D38643FF2969C29500F83930 /* EncodeableExtentions.swift */; };
		D38644022969C3F300F83930 /* AppDelegate.swift in Sources */ = {isa = PBXBuildFile; fileRef = D38644012969C3F300F83930 /* AppDelegate.swift */; };
		D38644062969C59400F83930 /* UserViewModel.swift in Sources */ = {isa = PBXBuildFile; fileRef = D38644052969C59400F83930 /* UserViewModel.swift */; };
		D38644082969CF8A00F83930 /* HomeView.swift in Sources */ = {isa = PBXBuildFile; fileRef = D38644072969CF8A00F83930 /* HomeView.swift */; };
		D386440A2969D1C900F83930 /* UserListResponse.swift in Sources */ = {isa = PBXBuildFile; fileRef = D38644092969D1C900F83930 /* UserListResponse.swift */; };
		D386440C2969D22200F83930 /* UserListView.swift in Sources */ = {isa = PBXBuildFile; fileRef = D386440B2969D22200F83930 /* UserListView.swift */; };
		D386440E2969D35B00F83930 /* UserListViewModel.swift in Sources */ = {isa = PBXBuildFile; fileRef = D386440D2969D35B00F83930 /* UserListViewModel.swift */; };
		D38644142969DECD00F83930 /* LoginRequest.swift in Sources */ = {isa = PBXBuildFile; fileRef = D38644132969DECD00F83930 /* LoginRequest.swift */; };
		D38644162969DF0900F83930 /* LoginResponse.swift in Sources */ = {isa = PBXBuildFile; fileRef = D38644152969DF0900F83930 /* LoginResponse.swift */; };
		D38644182969DFB700F83930 /* LoginViewModel.swift in Sources */ = {isa = PBXBuildFile; fileRef = D38644172969DFB700F83930 /* LoginViewModel.swift */; };
		D386441A2969E02100F83930 /* LoginView.swift in Sources */ = {isa = PBXBuildFile; fileRef = D38644192969E02100F83930 /* LoginView.swift */; };
		D39C7042298328E70043FBBA /* ColorExtention.swift in Sources */ = {isa = PBXBuildFile; fileRef = D39C7041298328E70043FBBA /* ColorExtention.swift */; };
		D39C7044298329160043FBBA /* CustomScannerPreview.swift in Sources */ = {isa = PBXBuildFile; fileRef = D39C7043298329160043FBBA /* CustomScannerPreview.swift */; };
		D3D1613129818B95003A3457 /* OpenGalerryView.swift in Sources */ = {isa = PBXBuildFile; fileRef = D3D1612129818B95003A3457 /* OpenGalerryView.swift */; };
		D3D1613229818B95003A3457 /* CustomCameraPreview.swift in Sources */ = {isa = PBXBuildFile; fileRef = D3D1612229818B95003A3457 /* CustomCameraPreview.swift */; };
		D3D1613329818B95003A3457 /* CameraView.swift in Sources */ = {isa = PBXBuildFile; fileRef = D3D1612329818B95003A3457 /* CameraView.swift */; };
		D3D1613429818B95003A3457 /* CustomCameraView.swift in Sources */ = {isa = PBXBuildFile; fileRef = D3D1612429818B95003A3457 /* CustomCameraView.swift */; };
		D3D1613529818B95003A3457 /* UpgradeAccountSelfieResultView.swift in Sources */ = {isa = PBXBuildFile; fileRef = D3D1612729818B95003A3457 /* UpgradeAccountSelfieResultView.swift */; };
		D3D1613629818B95003A3457 /* UpgradeAccountSelfieGuideView.swift in Sources */ = {isa = PBXBuildFile; fileRef = D3D1612829818B95003A3457 /* UpgradeAccountSelfieGuideView.swift */; };
		D3D1613729818B95003A3457 /* UpgradeAccountSelfieCameraView.swift in Sources */ = {isa = PBXBuildFile; fileRef = D3D1612929818B95003A3457 /* UpgradeAccountSelfieCameraView.swift */; };
		D3D1613829818B95003A3457 /* UpgradeAccountView.swift in Sources */ = {isa = PBXBuildFile; fileRef = D3D1612A29818B95003A3457 /* UpgradeAccountView.swift */; };
		D3D1613929818B95003A3457 /* UpgradeAccountSuccessView.swift in Sources */ = {isa = PBXBuildFile; fileRef = D3D1612B29818B95003A3457 /* UpgradeAccountSuccessView.swift */; };
		D3D1613A29818B95003A3457 /* UpgradeAccountPersonalDataView.swift in Sources */ = {isa = PBXBuildFile; fileRef = D3D1612C29818B95003A3457 /* UpgradeAccountPersonalDataView.swift */; };
		D3D1613B29818B95003A3457 /* UpgradeAccountIdentityCameraView.swift in Sources */ = {isa = PBXBuildFile; fileRef = D3D1612E29818B95003A3457 /* UpgradeAccountIdentityCameraView.swift */; };
		D3D1613C29818B95003A3457 /* UpgradeAccountIdentityResultView.swift in Sources */ = {isa = PBXBuildFile; fileRef = D3D1612F29818B95003A3457 /* UpgradeAccountIdentityResultView.swift */; };
		D3D1613D29818B95003A3457 /* UpgradeAccountIdentityGuideView.swift in Sources */ = {isa = PBXBuildFile; fileRef = D3D1613029818B95003A3457 /* UpgradeAccountIdentityGuideView.swift */; };
		D3D161462981DACB003A3457 /* QrisView.swift in Sources */ = {isa = PBXBuildFile; fileRef = D3D161442981DACB003A3457 /* QrisView.swift */; };
		D3D161472981DACB003A3457 /* QrisResultView.swift in Sources */ = {isa = PBXBuildFile; fileRef = D3D161452981DACB003A3457 /* QrisResultView.swift */; };
		D3DF158329689846004424B1 /* SampleAlamoFireApp.swift in Sources */ = {isa = PBXBuildFile; fileRef = D3DF158229689846004424B1 /* SampleAlamoFireApp.swift */; };
		D3DF158729689847004424B1 /* Assets.xcassets in Resources */ = {isa = PBXBuildFile; fileRef = D3DF158629689847004424B1 /* Assets.xcassets */; };
		D3DF158A29689847004424B1 /* Preview Assets.xcassets in Resources */ = {isa = PBXBuildFile; fileRef = D3DF158929689847004424B1 /* Preview Assets.xcassets */; };
/* End PBXBuildFile section */

/* Begin PBXFileReference section */
		17ED2E15803D501E74A4D1AF /* Pods_SampleAlamoFire.framework */ = {isa = PBXFileReference; explicitFileType = wrapper.framework; includeInIndex = 0; path = Pods_SampleAlamoFire.framework; sourceTree = BUILT_PRODUCTS_DIR; };
		353A58DD125392256D6FC971 /* Pods-SampleAlamoFire.debug.xcconfig */ = {isa = PBXFileReference; includeInIndex = 1; lastKnownFileType = text.xcconfig; name = "Pods-SampleAlamoFire.debug.xcconfig"; path = "Target Support Files/Pods-SampleAlamoFire/Pods-SampleAlamoFire.debug.xcconfig"; sourceTree = "<group>"; };
		76A330BC696F4F09BA10E621 /* Pods-SampleAlamoFire.release.xcconfig */ = {isa = PBXFileReference; includeInIndex = 1; lastKnownFileType = text.xcconfig; name = "Pods-SampleAlamoFire.release.xcconfig"; path = "Target Support Files/Pods-SampleAlamoFire/Pods-SampleAlamoFire.release.xcconfig"; sourceTree = "<group>"; };
		77D0430029707C1400F5333C /* PulsaDataView.swift */ = {isa = PBXFileReference; lastKnownFileType = sourcecode.swift; path = PulsaDataView.swift; sourceTree = "<group>"; };
		77D043022971A2D100F5333C /* PulsaDataViewModel.swift */ = {isa = PBXFileReference; lastKnownFileType = sourcecode.swift; path = PulsaDataViewModel.swift; sourceTree = "<group>"; };
		77D043062974108E00F5333C /* Info.plist */ = {isa = PBXFileReference; lastKnownFileType = text.plist; path = Info.plist; sourceTree = "<group>"; };
		77D04307297424FA00F5333C /* QrisView.swift */ = {isa = PBXFileReference; lastKnownFileType = sourcecode.swift; path = QrisView.swift; sourceTree = "<group>"; };
		77D04309297545A500F5333C /* AccountViewModel.swift */ = {isa = PBXFileReference; lastKnownFileType = sourcecode.swift; path = AccountViewModel.swift; sourceTree = "<group>"; };
		D3089C4F29896111004B9FE3 /* PhoneContactsPreview.swift */ = {isa = PBXFileReference; fileEncoding = 4; lastKnownFileType = sourcecode.swift; path = PhoneContactsPreview.swift; sourceTree = "<group>"; };
		D3089C5029896111004B9FE3 /* PascaBayarView.swift */ = {isa = PBXFileReference; fileEncoding = 4; lastKnownFileType = sourcecode.swift; path = PascaBayarView.swift; sourceTree = "<group>"; };
		D35A0199296FB99500074262 /* TokenResponse.swift */ = {isa = PBXFileReference; lastKnownFileType = sourcecode.swift; path = TokenResponse.swift; sourceTree = "<group>"; };
		D35A019B296FBB2E00074262 /* SignatureHelper.swift */ = {isa = PBXFileReference; lastKnownFileType = sourcecode.swift; path = SignatureHelper.swift; sourceTree = "<group>"; };
		D35A019D296FBB9100074262 /* DateHelper.swift */ = {isa = PBXFileReference; lastKnownFileType = sourcecode.swift; path = DateHelper.swift; sourceTree = "<group>"; };
		D35A019F296FBBCA00074262 /* SampleView.swift */ = {isa = PBXFileReference; lastKnownFileType = sourcecode.swift; path = SampleView.swift; sourceTree = "<group>"; };
		D35A01A1296FBC4500074262 /* SampleViewModel.swift */ = {isa = PBXFileReference; lastKnownFileType = sourcecode.swift; path = SampleViewModel.swift; sourceTree = "<group>"; };
		D35A01A3296FBCC700074262 /* SampleApiService.swift */ = {isa = PBXFileReference; lastKnownFileType = sourcecode.swift; path = SampleApiService.swift; sourceTree = "<group>"; };
		D35A01A5296FBF8400074262 /* TransactionHelper.swift */ = {isa = PBXFileReference; lastKnownFileType = sourcecode.swift; path = TransactionHelper.swift; sourceTree = "<group>"; };
		D37418C12968A4000088091D /* SampleUrl.swift */ = {isa = PBXFileReference; lastKnownFileType = sourcecode.swift; path = SampleUrl.swift; sourceTree = "<group>"; };
		D37418C42968ACD30088091D /* UserResponse.swift */ = {isa = PBXFileReference; lastKnownFileType = sourcecode.swift; path = UserResponse.swift; sourceTree = "<group>"; };
		D37ABF60296947A9001B414E /* UserView.swift */ = {isa = PBXFileReference; lastKnownFileType = sourcecode.swift; path = UserView.swift; sourceTree = "<group>"; };
		D38643FA2969BE0A00F83930 /* ApiManager.swift */ = {isa = PBXFileReference; lastKnownFileType = sourcecode.swift; path = ApiManager.swift; sourceTree = "<group>"; };
		D38643FC2969BE1300F83930 /* ApiService.swift */ = {isa = PBXFileReference; lastKnownFileType = sourcecode.swift; path = ApiService.swift; sourceTree = "<group>"; };
		D38643FF2969C29500F83930 /* EncodeableExtentions.swift */ = {isa = PBXFileReference; lastKnownFileType = sourcecode.swift; path = EncodeableExtentions.swift; sourceTree = "<group>"; };
		D38644012969C3F300F83930 /* AppDelegate.swift */ = {isa = PBXFileReference; lastKnownFileType = sourcecode.swift; path = AppDelegate.swift; sourceTree = "<group>"; };
		D38644052969C59400F83930 /* UserViewModel.swift */ = {isa = PBXFileReference; lastKnownFileType = sourcecode.swift; path = UserViewModel.swift; sourceTree = "<group>"; };
		D38644072969CF8A00F83930 /* HomeView.swift */ = {isa = PBXFileReference; lastKnownFileType = sourcecode.swift; path = HomeView.swift; sourceTree = "<group>"; };
		D38644092969D1C900F83930 /* UserListResponse.swift */ = {isa = PBXFileReference; lastKnownFileType = sourcecode.swift; path = UserListResponse.swift; sourceTree = "<group>"; };
		D386440B2969D22200F83930 /* UserListView.swift */ = {isa = PBXFileReference; lastKnownFileType = sourcecode.swift; path = UserListView.swift; sourceTree = "<group>"; };
		D386440D2969D35B00F83930 /* UserListViewModel.swift */ = {isa = PBXFileReference; lastKnownFileType = sourcecode.swift; path = UserListViewModel.swift; sourceTree = "<group>"; };
		D38644132969DECD00F83930 /* LoginRequest.swift */ = {isa = PBXFileReference; lastKnownFileType = sourcecode.swift; path = LoginRequest.swift; sourceTree = "<group>"; };
		D38644152969DF0900F83930 /* LoginResponse.swift */ = {isa = PBXFileReference; lastKnownFileType = sourcecode.swift; path = LoginResponse.swift; sourceTree = "<group>"; };
		D38644172969DFB700F83930 /* LoginViewModel.swift */ = {isa = PBXFileReference; lastKnownFileType = sourcecode.swift; path = LoginViewModel.swift; sourceTree = "<group>"; };
		D38644192969E02100F83930 /* LoginView.swift */ = {isa = PBXFileReference; lastKnownFileType = sourcecode.swift; path = LoginView.swift; sourceTree = "<group>"; };
		D39C7041298328E70043FBBA /* ColorExtention.swift */ = {isa = PBXFileReference; fileEncoding = 4; lastKnownFileType = sourcecode.swift; path = ColorExtention.swift; sourceTree = "<group>"; };
		D39C7043298329160043FBBA /* CustomScannerPreview.swift */ = {isa = PBXFileReference; lastKnownFileType = sourcecode.swift; path = CustomScannerPreview.swift; sourceTree = "<group>"; };
		D3D1612129818B95003A3457 /* OpenGalerryView.swift */ = {isa = PBXFileReference; fileEncoding = 4; lastKnownFileType = sourcecode.swift; path = OpenGalerryView.swift; sourceTree = "<group>"; };
		D3D1612229818B95003A3457 /* CustomCameraPreview.swift */ = {isa = PBXFileReference; fileEncoding = 4; lastKnownFileType = sourcecode.swift; path = CustomCameraPreview.swift; sourceTree = "<group>"; };
		D3D1612329818B95003A3457 /* CameraView.swift */ = {isa = PBXFileReference; fileEncoding = 4; lastKnownFileType = sourcecode.swift; path = CameraView.swift; sourceTree = "<group>"; };
		D3D1612429818B95003A3457 /* CustomCameraView.swift */ = {isa = PBXFileReference; fileEncoding = 4; lastKnownFileType = sourcecode.swift; path = CustomCameraView.swift; sourceTree = "<group>"; };
		D3D1612729818B95003A3457 /* UpgradeAccountSelfieResultView.swift */ = {isa = PBXFileReference; fileEncoding = 4; lastKnownFileType = sourcecode.swift; path = UpgradeAccountSelfieResultView.swift; sourceTree = "<group>"; };
		D3D1612829818B95003A3457 /* UpgradeAccountSelfieGuideView.swift */ = {isa = PBXFileReference; fileEncoding = 4; lastKnownFileType = sourcecode.swift; path = UpgradeAccountSelfieGuideView.swift; sourceTree = "<group>"; };
		D3D1612929818B95003A3457 /* UpgradeAccountSelfieCameraView.swift */ = {isa = PBXFileReference; fileEncoding = 4; lastKnownFileType = sourcecode.swift; path = UpgradeAccountSelfieCameraView.swift; sourceTree = "<group>"; };
		D3D1612A29818B95003A3457 /* UpgradeAccountView.swift */ = {isa = PBXFileReference; fileEncoding = 4; lastKnownFileType = sourcecode.swift; path = UpgradeAccountView.swift; sourceTree = "<group>"; };
		D3D1612B29818B95003A3457 /* UpgradeAccountSuccessView.swift */ = {isa = PBXFileReference; fileEncoding = 4; lastKnownFileType = sourcecode.swift; path = UpgradeAccountSuccessView.swift; sourceTree = "<group>"; };
		D3D1612C29818B95003A3457 /* UpgradeAccountPersonalDataView.swift */ = {isa = PBXFileReference; fileEncoding = 4; lastKnownFileType = sourcecode.swift; path = UpgradeAccountPersonalDataView.swift; sourceTree = "<group>"; };
		D3D1612E29818B95003A3457 /* UpgradeAccountIdentityCameraView.swift */ = {isa = PBXFileReference; fileEncoding = 4; lastKnownFileType = sourcecode.swift; path = UpgradeAccountIdentityCameraView.swift; sourceTree = "<group>"; };
		D3D1612F29818B95003A3457 /* UpgradeAccountIdentityResultView.swift */ = {isa = PBXFileReference; fileEncoding = 4; lastKnownFileType = sourcecode.swift; path = UpgradeAccountIdentityResultView.swift; sourceTree = "<group>"; };
		D3D1613029818B95003A3457 /* UpgradeAccountIdentityGuideView.swift */ = {isa = PBXFileReference; fileEncoding = 4; lastKnownFileType = sourcecode.swift; path = UpgradeAccountIdentityGuideView.swift; sourceTree = "<group>"; };
		D3D161442981DACB003A3457 /* QrisView.swift */ = {isa = PBXFileReference; fileEncoding = 4; lastKnownFileType = sourcecode.swift; path = QrisView.swift; sourceTree = "<group>"; };
		D3D161452981DACB003A3457 /* QrisResultView.swift */ = {isa = PBXFileReference; fileEncoding = 4; lastKnownFileType = sourcecode.swift; path = QrisResultView.swift; sourceTree = "<group>"; };
		D3DF157F29689846004424B1 /* SampleAlamoFire.app */ = {isa = PBXFileReference; explicitFileType = wrapper.application; includeInIndex = 0; path = SampleAlamoFire.app; sourceTree = BUILT_PRODUCTS_DIR; };
		D3DF158229689846004424B1 /* SampleAlamoFireApp.swift */ = {isa = PBXFileReference; lastKnownFileType = sourcecode.swift; path = SampleAlamoFireApp.swift; sourceTree = "<group>"; };
		D3DF158629689847004424B1 /* Assets.xcassets */ = {isa = PBXFileReference; lastKnownFileType = folder.assetcatalog; path = Assets.xcassets; sourceTree = "<group>"; };
		D3DF158929689847004424B1 /* Preview Assets.xcassets */ = {isa = PBXFileReference; lastKnownFileType = folder.assetcatalog; path = "Preview Assets.xcassets"; sourceTree = "<group>"; };
/* End PBXFileReference section */

/* Begin PBXFrameworksBuildPhase section */
		D3DF157C29689846004424B1 /* Frameworks */ = {
			isa = PBXFrameworksBuildPhase;
			buildActionMask = 2147483647;
			files = (
				4FD3AC974385AFCC5329245F /* Pods_SampleAlamoFire.framework in Frameworks */,
			);
			runOnlyForDeploymentPostprocessing = 0;
		};
/* End PBXFrameworksBuildPhase section */

/* Begin PBXGroup section */
		0D317C72B9016C808984632B /* Pods */ = {
			isa = PBXGroup;
			children = (
				353A58DD125392256D6FC971 /* Pods-SampleAlamoFire.debug.xcconfig */,
				76A330BC696F4F09BA10E621 /* Pods-SampleAlamoFire.release.xcconfig */,
			);
			path = Pods;
			sourceTree = "<group>";
		};
		60054F59A644D48025D8275A /* Frameworks */ = {
			isa = PBXGroup;
			children = (
				17ED2E15803D501E74A4D1AF /* Pods_SampleAlamoFire.framework */,
			);
			name = Frameworks;
			sourceTree = "<group>";
		};
		D3089C4E29896111004B9FE3 /* PascaBayar */ = {
			isa = PBXGroup;
			children = (
				D3089C4F29896111004B9FE3 /* PhoneContactsPreview.swift */,
				D3089C5029896111004B9FE3 /* PascaBayarView.swift */,
			);
			path = PascaBayar;
			sourceTree = "<group>";
		};
		D35A0198296FB95F00074262 /* Token */ = {
			isa = PBXGroup;
			children = (
				D35A0199296FB99500074262 /* TokenResponse.swift */,
			);
			path = Token;
			sourceTree = "<group>";
		};
		D37418BC29689B400088091D /* Network */ = {
			isa = PBXGroup;
			children = (
				D37418C12968A4000088091D /* SampleUrl.swift */,
				D38643FA2969BE0A00F83930 /* ApiManager.swift */,
				D38643FC2969BE1300F83930 /* ApiService.swift */,
				D35A01A3296FBCC700074262 /* SampleApiService.swift */,
			);
			path = Network;
			sourceTree = "<group>";
		};
		D37418C32968ABD10088091D /* Models */ = {
			isa = PBXGroup;
			children = (
				D35A0198296FB95F00074262 /* Token */,
				D38644122969DEBC00F83930 /* Login */,
				D38644112969DEB000F83930 /* User */,
			);
			path = Models;
			sourceTree = "<group>";
		};
		D37418C62968AD2F0088091D /* ViewModels */ = {
			isa = PBXGroup;
			children = (
				D38644052969C59400F83930 /* UserViewModel.swift */,
				D386440D2969D35B00F83930 /* UserListViewModel.swift */,
				D38644172969DFB700F83930 /* LoginViewModel.swift */,
				D35A01A1296FBC4500074262 /* SampleViewModel.swift */,
				77D043022971A2D100F5333C /* PulsaDataViewModel.swift */,
				77D04309297545A500F5333C /* AccountViewModel.swift */,
			);
			path = ViewModels;
			sourceTree = "<group>";
		};
		D37418C72968AD3B0088091D /* View */ = {
			isa = PBXGroup;
			children = (
				D3089C4E29896111004B9FE3 /* PascaBayar */,
				D3D161432981DAAA003A3457 /* Qris */,
				D3D1612029818B95003A3457 /* Camera */,
				D3D1612529818B95003A3457 /* UpgradeAccount */,
				D38644072969CF8A00F83930 /* HomeView.swift */,
				D37ABF60296947A9001B414E /* UserView.swift */,
				D386440B2969D22200F83930 /* UserListView.swift */,
				D38644192969E02100F83930 /* LoginView.swift */,
				D35A019F296FBBCA00074262 /* SampleView.swift */,
				77D0430029707C1400F5333C /* PulsaDataView.swift */,
				77D04307297424FA00F5333C /* QrisView.swift */,
			);
			path = View;
			sourceTree = "<group>";
		};
		D38643FE2969C27C00F83930 /* Extentions */ = {
			isa = PBXGroup;
			children = (
				D38643FF2969C29500F83930 /* EncodeableExtentions.swift */,
				D35A019B296FBB2E00074262 /* SignatureHelper.swift */,
				D35A019D296FBB9100074262 /* DateHelper.swift */,
				D35A01A5296FBF8400074262 /* TransactionHelper.swift */,
			);
			path = Extentions;
			sourceTree = "<group>";
		};
		D38644032969C4AD00F83930 /* Config */ = {
			isa = PBXGroup;
			children = (
				D38643FE2969C27C00F83930 /* Extentions */,
				D37418BC29689B400088091D /* Network */,
			);
			path = Config;
			sourceTree = "<group>";
		};
		D38644112969DEB000F83930 /* User */ = {
			isa = PBXGroup;
			children = (
				D37418C42968ACD30088091D /* UserResponse.swift */,
				D38644092969D1C900F83930 /* UserListResponse.swift */,
			);
			path = User;
			sourceTree = "<group>";
		};
		D38644122969DEBC00F83930 /* Login */ = {
			isa = PBXGroup;
			children = (
				D38644132969DECD00F83930 /* LoginRequest.swift */,
				D38644152969DF0900F83930 /* LoginResponse.swift */,
			);
			path = Login;
			sourceTree = "<group>";
		};
		D39C7040298328D50043FBBA /* Helper */ = {
			isa = PBXGroup;
			children = (
				D39C7041298328E70043FBBA /* ColorExtention.swift */,
			);
			path = Helper;
			sourceTree = "<group>";
		};
		D3D1612029818B95003A3457 /* Camera */ = {
			isa = PBXGroup;
			children = (
				D3D1612129818B95003A3457 /* OpenGalerryView.swift */,
				D3D1612229818B95003A3457 /* CustomCameraPreview.swift */,
				D3D1612329818B95003A3457 /* CameraView.swift */,
				D3D1612429818B95003A3457 /* CustomCameraView.swift */,
			);
			path = Camera;
			sourceTree = "<group>";
		};
		D3D1612529818B95003A3457 /* UpgradeAccount */ = {
			isa = PBXGroup;
			children = (
				D3D1612C29818B95003A3457 /* UpgradeAccountPersonalDataView.swift */,
				D3D1612B29818B95003A3457 /* UpgradeAccountSuccessView.swift */,
				D3D1612A29818B95003A3457 /* UpgradeAccountView.swift */,
				D3D1612D29818B95003A3457 /* UpgradeAccountIdentity */,
				D3D1612629818B95003A3457 /* UpgradeAccountSelfie */,
			);
			path = UpgradeAccount;
			sourceTree = "<group>";
		};
		D3D1612629818B95003A3457 /* UpgradeAccountSelfie */ = {
			isa = PBXGroup;
			children = (
				D3D1612729818B95003A3457 /* UpgradeAccountSelfieResultView.swift */,
				D3D1612829818B95003A3457 /* UpgradeAccountSelfieGuideView.swift */,
				D3D1612929818B95003A3457 /* UpgradeAccountSelfieCameraView.swift */,
			);
			path = UpgradeAccountSelfie;
			sourceTree = "<group>";
		};
		D3D1612D29818B95003A3457 /* UpgradeAccountIdentity */ = {
			isa = PBXGroup;
			children = (
				D3D1612E29818B95003A3457 /* UpgradeAccountIdentityCameraView.swift */,
				D3D1612F29818B95003A3457 /* UpgradeAccountIdentityResultView.swift */,
				D3D1613029818B95003A3457 /* UpgradeAccountIdentityGuideView.swift */,
			);
			path = UpgradeAccountIdentity;
			sourceTree = "<group>";
		};
		D3D161432981DAAA003A3457 /* Qris */ = {
			isa = PBXGroup;
			children = (
				D3D161452981DACB003A3457 /* QrisResultView.swift */,
				D3D161442981DACB003A3457 /* QrisView.swift */,
				D39C7043298329160043FBBA /* CustomScannerPreview.swift */,
			);
			path = Qris;
			sourceTree = "<group>";
		};
		D3DF157629689846004424B1 = {
			isa = PBXGroup;
			children = (
				D3DF158129689846004424B1 /* SampleAlamoFire */,
				D3DF158029689846004424B1 /* Products */,
				0D317C72B9016C808984632B /* Pods */,
				60054F59A644D48025D8275A /* Frameworks */,
			);
			sourceTree = "<group>";
		};
		D3DF158029689846004424B1 /* Products */ = {
			isa = PBXGroup;
			children = (
				D3DF157F29689846004424B1 /* SampleAlamoFire.app */,
			);
			name = Products;
			sourceTree = "<group>";
		};
		D3DF158129689846004424B1 /* SampleAlamoFire */ = {
			isa = PBXGroup;
			children = (
				D39C7040298328D50043FBBA /* Helper */,
				77D043062974108E00F5333C /* Info.plist */,
				D38644032969C4AD00F83930 /* Config */,
				D37418C32968ABD10088091D /* Models */,
				D37418C72968AD3B0088091D /* View */,
				D37418C62968AD2F0088091D /* ViewModels */,
				D3DF158229689846004424B1 /* SampleAlamoFireApp.swift */,
				D38644012969C3F300F83930 /* AppDelegate.swift */,
				D3DF158629689847004424B1 /* Assets.xcassets */,
				D3DF158829689847004424B1 /* Preview Content */,
			);
			path = SampleAlamoFire;
			sourceTree = "<group>";
		};
		D3DF158829689847004424B1 /* Preview Content */ = {
			isa = PBXGroup;
			children = (
				D3DF158929689847004424B1 /* Preview Assets.xcassets */,
			);
			path = "Preview Content";
			sourceTree = "<group>";
		};
/* End PBXGroup section */

/* Begin PBXNativeTarget section */
		D3DF157E29689846004424B1 /* SampleAlamoFire */ = {
			isa = PBXNativeTarget;
			buildConfigurationList = D3DF158D29689847004424B1 /* Build configuration list for PBXNativeTarget "SampleAlamoFire" */;
			buildPhases = (
				400CAE6DB3F0A11D7B4AD2EF /* [CP] Check Pods Manifest.lock */,
				D3DF157B29689846004424B1 /* Sources */,
				D3DF157C29689846004424B1 /* Frameworks */,
				D3DF157D29689846004424B1 /* Resources */,
				3AED7D2BE1BDE5CD56992F41 /* [CP] Embed Pods Frameworks */,
			);
			buildRules = (
			);
			dependencies = (
			);
			name = SampleAlamoFire;
			productName = SampleAlamoFire;
			productReference = D3DF157F29689846004424B1 /* SampleAlamoFire.app */;
			productType = "com.apple.product-type.application";
		};
/* End PBXNativeTarget section */

/* Begin PBXProject section */
		D3DF157729689846004424B1 /* Project object */ = {
			isa = PBXProject;
			attributes = {
				BuildIndependentTargetsInParallel = 1;
				LastSwiftUpdateCheck = 1420;
				LastUpgradeCheck = 1420;
				TargetAttributes = {
					D3DF157E29689846004424B1 = {
						CreatedOnToolsVersion = 14.2;
					};
				};
			};
			buildConfigurationList = D3DF157A29689846004424B1 /* Build configuration list for PBXProject "SampleAlamoFire" */;
			compatibilityVersion = "Xcode 14.0";
			developmentRegion = en;
			hasScannedForEncodings = 0;
			knownRegions = (
				en,
				Base,
			);
			mainGroup = D3DF157629689846004424B1;
			productRefGroup = D3DF158029689846004424B1 /* Products */;
			projectDirPath = "";
			projectRoot = "";
			targets = (
				D3DF157E29689846004424B1 /* SampleAlamoFire */,
			);
		};
/* End PBXProject section */

/* Begin PBXResourcesBuildPhase section */
		D3DF157D29689846004424B1 /* Resources */ = {
			isa = PBXResourcesBuildPhase;
			buildActionMask = 2147483647;
			files = (
				D3DF158A29689847004424B1 /* Preview Assets.xcassets in Resources */,
				D3DF158729689847004424B1 /* Assets.xcassets in Resources */,
			);
			runOnlyForDeploymentPostprocessing = 0;
		};
/* End PBXResourcesBuildPhase section */

/* Begin PBXShellScriptBuildPhase section */
		3AED7D2BE1BDE5CD56992F41 /* [CP] Embed Pods Frameworks */ = {
			isa = PBXShellScriptBuildPhase;
			buildActionMask = 2147483647;
			files = (
			);
			inputFileListPaths = (
				"${PODS_ROOT}/Target Support Files/Pods-SampleAlamoFire/Pods-SampleAlamoFire-frameworks-${CONFIGURATION}-input-files.xcfilelist",
			);
			name = "[CP] Embed Pods Frameworks";
			outputFileListPaths = (
				"${PODS_ROOT}/Target Support Files/Pods-SampleAlamoFire/Pods-SampleAlamoFire-frameworks-${CONFIGURATION}-output-files.xcfilelist",
			);
			runOnlyForDeploymentPostprocessing = 0;
			shellPath = /bin/sh;
			shellScript = "\"${PODS_ROOT}/Target Support Files/Pods-SampleAlamoFire/Pods-SampleAlamoFire-frameworks.sh\"\n";
			showEnvVarsInLog = 0;
		};
		400CAE6DB3F0A11D7B4AD2EF /* [CP] Check Pods Manifest.lock */ = {
			isa = PBXShellScriptBuildPhase;
			buildActionMask = 2147483647;
			files = (
			);
			inputFileListPaths = (
			);
			inputPaths = (
				"${PODS_PODFILE_DIR_PATH}/Podfile.lock",
				"${PODS_ROOT}/Manifest.lock",
			);
			name = "[CP] Check Pods Manifest.lock";
			outputFileListPaths = (
			);
			outputPaths = (
				"$(DERIVED_FILE_DIR)/Pods-SampleAlamoFire-checkManifestLockResult.txt",
			);
			runOnlyForDeploymentPostprocessing = 0;
			shellPath = /bin/sh;
			shellScript = "diff \"${PODS_PODFILE_DIR_PATH}/Podfile.lock\" \"${PODS_ROOT}/Manifest.lock\" > /dev/null\nif [ $? != 0 ] ; then\n    # print error to STDERR\n    echo \"error: The sandbox is not in sync with the Podfile.lock. Run 'pod install' or update your CocoaPods installation.\" >&2\n    exit 1\nfi\n# This output is used by Xcode 'outputs' to avoid re-running this script phase.\necho \"SUCCESS\" > \"${SCRIPT_OUTPUT_FILE_0}\"\n";
			showEnvVarsInLog = 0;
		};
/* End PBXShellScriptBuildPhase section */

/* Begin PBXSourcesBuildPhase section */
		D3DF157B29689846004424B1 /* Sources */ = {
			isa = PBXSourcesBuildPhase;
			buildActionMask = 2147483647;
			files = (
				D3D1613629818B95003A3457 /* UpgradeAccountSelfieGuideView.swift in Sources */,
				D35A01A6296FBF8400074262 /* TransactionHelper.swift in Sources */,
				D38644022969C3F300F83930 /* AppDelegate.swift in Sources */,
				D38644002969C29500F83930 /* EncodeableExtentions.swift in Sources */,
				D3DF158329689846004424B1 /* SampleAlamoFireApp.swift in Sources */,
				D38644082969CF8A00F83930 /* HomeView.swift in Sources */,
				D3D1613929818B95003A3457 /* UpgradeAccountSuccessView.swift in Sources */,
				D3D1613129818B95003A3457 /* OpenGalerryView.swift in Sources */,
				D35A019A296FB99500074262 /* TokenResponse.swift in Sources */,
				D3D161472981DACB003A3457 /* QrisResultView.swift in Sources */,
				D3D1613329818B95003A3457 /* CameraView.swift in Sources */,
				D35A019E296FBB9100074262 /* DateHelper.swift in Sources */,
				D39C7044298329160043FBBA /* CustomScannerPreview.swift in Sources */,
				D38644182969DFB700F83930 /* LoginViewModel.swift in Sources */,
				D37418C52968ACD30088091D /* UserResponse.swift in Sources */,
				D35A01A4296FBCC700074262 /* SampleApiService.swift in Sources */,
				D3D1613B29818B95003A3457 /* UpgradeAccountIdentityCameraView.swift in Sources */,
				77D043032971A2D100F5333C /* PulsaDataViewModel.swift in Sources */,
				D38644142969DECD00F83930 /* LoginRequest.swift in Sources */,
				D3D1613829818B95003A3457 /* UpgradeAccountView.swift in Sources */,
				D3089C5129896111004B9FE3 /* PhoneContactsPreview.swift in Sources */,
				D3D1613729818B95003A3457 /* UpgradeAccountSelfieCameraView.swift in Sources */,
				D39C7042298328E70043FBBA /* ColorExtention.swift in Sources */,
				D3D1613529818B95003A3457 /* UpgradeAccountSelfieResultView.swift in Sources */,
				D3D1613D29818B95003A3457 /* UpgradeAccountIdentityGuideView.swift in Sources */,
				D37418C22968A4000088091D /* SampleUrl.swift in Sources */,
				D38643FB2969BE0A00F83930 /* ApiManager.swift in Sources */,
				D3D1613429818B95003A3457 /* CustomCameraView.swift in Sources */,
				D386440C2969D22200F83930 /* UserListView.swift in Sources */,
				D3D1613A29818B95003A3457 /* UpgradeAccountPersonalDataView.swift in Sources */,
				D35A01A2296FBC4500074262 /* SampleViewModel.swift in Sources */,
				D386441A2969E02100F83930 /* LoginView.swift in Sources */,
				D38643FD2969BE1300F83930 /* ApiService.swift in Sources */,
				D3089C5229896111004B9FE3 /* PascaBayarView.swift in Sources */,
				D3D161462981DACB003A3457 /* QrisView.swift in Sources */,
				D386440E2969D35B00F83930 /* UserListViewModel.swift in Sources */,
				D386440A2969D1C900F83930 /* UserListResponse.swift in Sources */,
				D35A01A0296FBBCA00074262 /* SampleView.swift in Sources */,
				D35A019C296FBB2E00074262 /* SignatureHelper.swift in Sources */,
				77D0430A297545A500F5333C /* AccountViewModel.swift in Sources */,
				D3D1613229818B95003A3457 /* CustomCameraPreview.swift in Sources */,
				D3D1613C29818B95003A3457 /* UpgradeAccountIdentityResultView.swift in Sources */,
				77D0430129707C1400F5333C /* PulsaDataView.swift in Sources */,
				D38644062969C59400F83930 /* UserViewModel.swift in Sources */,
				D37ABF61296947A9001B414E /* UserView.swift in Sources */,
				D38644162969DF0900F83930 /* LoginResponse.swift in Sources */,
				77D04308297424FA00F5333C /* QrisView.swift in Sources */,
			);
			runOnlyForDeploymentPostprocessing = 0;
		};
/* End PBXSourcesBuildPhase section */

/* Begin XCBuildConfiguration section */
		D3DF158B29689847004424B1 /* Debug */ = {
			isa = XCBuildConfiguration;
			buildSettings = {
				ALWAYS_SEARCH_USER_PATHS = NO;
				CLANG_ANALYZER_NONNULL = YES;
				CLANG_ANALYZER_NUMBER_OBJECT_CONVERSION = YES_AGGRESSIVE;
				CLANG_CXX_LANGUAGE_STANDARD = "gnu++20";
				CLANG_ENABLE_MODULES = YES;
				CLANG_ENABLE_OBJC_ARC = YES;
				CLANG_ENABLE_OBJC_WEAK = YES;
				CLANG_WARN_BLOCK_CAPTURE_AUTORELEASING = YES;
				CLANG_WARN_BOOL_CONVERSION = YES;
				CLANG_WARN_COMMA = YES;
				CLANG_WARN_CONSTANT_CONVERSION = YES;
				CLANG_WARN_DEPRECATED_OBJC_IMPLEMENTATIONS = YES;
				CLANG_WARN_DIRECT_OBJC_ISA_USAGE = YES_ERROR;
				CLANG_WARN_DOCUMENTATION_COMMENTS = YES;
				CLANG_WARN_EMPTY_BODY = YES;
				CLANG_WARN_ENUM_CONVERSION = YES;
				CLANG_WARN_INFINITE_RECURSION = YES;
				CLANG_WARN_INT_CONVERSION = YES;
				CLANG_WARN_NON_LITERAL_NULL_CONVERSION = YES;
				CLANG_WARN_OBJC_IMPLICIT_RETAIN_SELF = YES;
				CLANG_WARN_OBJC_LITERAL_CONVERSION = YES;
				CLANG_WARN_OBJC_ROOT_CLASS = YES_ERROR;
				CLANG_WARN_QUOTED_INCLUDE_IN_FRAMEWORK_HEADER = YES;
				CLANG_WARN_RANGE_LOOP_ANALYSIS = YES;
				CLANG_WARN_STRICT_PROTOTYPES = YES;
				CLANG_WARN_SUSPICIOUS_MOVE = YES;
				CLANG_WARN_UNGUARDED_AVAILABILITY = YES_AGGRESSIVE;
				CLANG_WARN_UNREACHABLE_CODE = YES;
				CLANG_WARN__DUPLICATE_METHOD_MATCH = YES;
				COPY_PHASE_STRIP = NO;
				DEBUG_INFORMATION_FORMAT = dwarf;
				ENABLE_STRICT_OBJC_MSGSEND = YES;
				ENABLE_TESTABILITY = YES;
				GCC_C_LANGUAGE_STANDARD = gnu11;
				GCC_DYNAMIC_NO_PIC = NO;
				GCC_NO_COMMON_BLOCKS = YES;
				GCC_OPTIMIZATION_LEVEL = 0;
				GCC_PREPROCESSOR_DEFINITIONS = (
					"DEBUG=1",
					"$(inherited)",
				);
				GCC_WARN_64_TO_32_BIT_CONVERSION = YES;
				GCC_WARN_ABOUT_RETURN_TYPE = YES_ERROR;
				GCC_WARN_UNDECLARED_SELECTOR = YES;
				GCC_WARN_UNINITIALIZED_AUTOS = YES_AGGRESSIVE;
				GCC_WARN_UNUSED_FUNCTION = YES;
				GCC_WARN_UNUSED_VARIABLE = YES;
				IPHONEOS_DEPLOYMENT_TARGET = 16.2;
				MTL_ENABLE_DEBUG_INFO = INCLUDE_SOURCE;
				MTL_FAST_MATH = YES;
				ONLY_ACTIVE_ARCH = YES;
				SDKROOT = iphoneos;
				SWIFT_ACTIVE_COMPILATION_CONDITIONS = DEBUG;
				SWIFT_OPTIMIZATION_LEVEL = "-Onone";
			};
			name = Debug;
		};
		D3DF158C29689847004424B1 /* Release */ = {
			isa = XCBuildConfiguration;
			buildSettings = {
				ALWAYS_SEARCH_USER_PATHS = NO;
				CLANG_ANALYZER_NONNULL = YES;
				CLANG_ANALYZER_NUMBER_OBJECT_CONVERSION = YES_AGGRESSIVE;
				CLANG_CXX_LANGUAGE_STANDARD = "gnu++20";
				CLANG_ENABLE_MODULES = YES;
				CLANG_ENABLE_OBJC_ARC = YES;
				CLANG_ENABLE_OBJC_WEAK = YES;
				CLANG_WARN_BLOCK_CAPTURE_AUTORELEASING = YES;
				CLANG_WARN_BOOL_CONVERSION = YES;
				CLANG_WARN_COMMA = YES;
				CLANG_WARN_CONSTANT_CONVERSION = YES;
				CLANG_WARN_DEPRECATED_OBJC_IMPLEMENTATIONS = YES;
				CLANG_WARN_DIRECT_OBJC_ISA_USAGE = YES_ERROR;
				CLANG_WARN_DOCUMENTATION_COMMENTS = YES;
				CLANG_WARN_EMPTY_BODY = YES;
				CLANG_WARN_ENUM_CONVERSION = YES;
				CLANG_WARN_INFINITE_RECURSION = YES;
				CLANG_WARN_INT_CONVERSION = YES;
				CLANG_WARN_NON_LITERAL_NULL_CONVERSION = YES;
				CLANG_WARN_OBJC_IMPLICIT_RETAIN_SELF = YES;
				CLANG_WARN_OBJC_LITERAL_CONVERSION = YES;
				CLANG_WARN_OBJC_ROOT_CLASS = YES_ERROR;
				CLANG_WARN_QUOTED_INCLUDE_IN_FRAMEWORK_HEADER = YES;
				CLANG_WARN_RANGE_LOOP_ANALYSIS = YES;
				CLANG_WARN_STRICT_PROTOTYPES = YES;
				CLANG_WARN_SUSPICIOUS_MOVE = YES;
				CLANG_WARN_UNGUARDED_AVAILABILITY = YES_AGGRESSIVE;
				CLANG_WARN_UNREACHABLE_CODE = YES;
				CLANG_WARN__DUPLICATE_METHOD_MATCH = YES;
				COPY_PHASE_STRIP = NO;
				DEBUG_INFORMATION_FORMAT = "dwarf-with-dsym";
				ENABLE_NS_ASSERTIONS = NO;
				ENABLE_STRICT_OBJC_MSGSEND = YES;
				GCC_C_LANGUAGE_STANDARD = gnu11;
				GCC_NO_COMMON_BLOCKS = YES;
				GCC_WARN_64_TO_32_BIT_CONVERSION = YES;
				GCC_WARN_ABOUT_RETURN_TYPE = YES_ERROR;
				GCC_WARN_UNDECLARED_SELECTOR = YES;
				GCC_WARN_UNINITIALIZED_AUTOS = YES_AGGRESSIVE;
				GCC_WARN_UNUSED_FUNCTION = YES;
				GCC_WARN_UNUSED_VARIABLE = YES;
				IPHONEOS_DEPLOYMENT_TARGET = 16.2;
				MTL_ENABLE_DEBUG_INFO = NO;
				MTL_FAST_MATH = YES;
				SDKROOT = iphoneos;
				SWIFT_COMPILATION_MODE = wholemodule;
				SWIFT_OPTIMIZATION_LEVEL = "-O";
				VALIDATE_PRODUCT = YES;
			};
			name = Release;
		};
		D3DF158E29689847004424B1 /* Debug */ = {
			isa = XCBuildConfiguration;
			baseConfigurationReference = 353A58DD125392256D6FC971 /* Pods-SampleAlamoFire.debug.xcconfig */;
			buildSettings = {
				ASSETCATALOG_COMPILER_APPICON_NAME = AppIcon;
				ASSETCATALOG_COMPILER_GLOBAL_ACCENT_COLOR_NAME = AccentColor;
				CODE_SIGN_STYLE = Automatic;
				CURRENT_PROJECT_VERSION = 1;
				DEVELOPMENT_ASSET_PATHS = "\"SampleAlamoFire/Preview Content\"";
				DEVELOPMENT_TEAM = K668765T3J;
				ENABLE_PREVIEWS = YES;
				GENERATE_INFOPLIST_FILE = YES;
				INFOPLIST_FILE = SampleAlamoFire/Info.plist;
				INFOPLIST_KEY_NSCameraUsageDescription = "";
				INFOPLIST_KEY_NSContactsUsageDescription = "";
				INFOPLIST_KEY_UIApplicationSceneManifest_Generation = YES;
				INFOPLIST_KEY_UIApplicationSupportsIndirectInputEvents = YES;
				INFOPLIST_KEY_UILaunchScreen_Generation = YES;
				INFOPLIST_KEY_UISupportedInterfaceOrientations_iPad = "UIInterfaceOrientationPortrait UIInterfaceOrientationPortraitUpsideDown UIInterfaceOrientationLandscapeLeft UIInterfaceOrientationLandscapeRight";
				INFOPLIST_KEY_UISupportedInterfaceOrientations_iPhone = "UIInterfaceOrientationPortrait UIInterfaceOrientationLandscapeLeft UIInterfaceOrientationLandscapeRight";
				IPHONEOS_DEPLOYMENT_TARGET = 16.0;
				LD_RUNPATH_SEARCH_PATHS = (
					"$(inherited)",
					"@executable_path/Frameworks",
				);
				MARKETING_VERSION = 1.0;
				PRODUCT_BUNDLE_IDENTIFIER = com.sample.ios.SampleAlamoFire;
				PRODUCT_NAME = "$(TARGET_NAME)";
				SWIFT_EMIT_LOC_STRINGS = YES;
				SWIFT_VERSION = 5.0;
				TARGETED_DEVICE_FAMILY = "1,2";
			};
			name = Debug;
		};
		D3DF158F29689847004424B1 /* Release */ = {
			isa = XCBuildConfiguration;
			baseConfigurationReference = 76A330BC696F4F09BA10E621 /* Pods-SampleAlamoFire.release.xcconfig */;
			buildSettings = {
				ASSETCATALOG_COMPILER_APPICON_NAME = AppIcon;
				ASSETCATALOG_COMPILER_GLOBAL_ACCENT_COLOR_NAME = AccentColor;
				CODE_SIGN_STYLE = Automatic;
				CURRENT_PROJECT_VERSION = 1;
				DEVELOPMENT_ASSET_PATHS = "\"SampleAlamoFire/Preview Content\"";
				DEVELOPMENT_TEAM = K668765T3J;
				ENABLE_PREVIEWS = YES;
				GENERATE_INFOPLIST_FILE = YES;
				INFOPLIST_FILE = SampleAlamoFire/Info.plist;
				INFOPLIST_KEY_NSCameraUsageDescription = "";
				INFOPLIST_KEY_NSContactsUsageDescription = "";
				INFOPLIST_KEY_UIApplicationSceneManifest_Generation = YES;
				INFOPLIST_KEY_UIApplicationSupportsIndirectInputEvents = YES;
				INFOPLIST_KEY_UILaunchScreen_Generation = YES;
				INFOPLIST_KEY_UISupportedInterfaceOrientations_iPad = "UIInterfaceOrientationPortrait UIInterfaceOrientationPortraitUpsideDown UIInterfaceOrientationLandscapeLeft UIInterfaceOrientationLandscapeRight";
				INFOPLIST_KEY_UISupportedInterfaceOrientations_iPhone = "UIInterfaceOrientationPortrait UIInterfaceOrientationLandscapeLeft UIInterfaceOrientationLandscapeRight";
				IPHONEOS_DEPLOYMENT_TARGET = 16.0;
				LD_RUNPATH_SEARCH_PATHS = (
					"$(inherited)",
					"@executable_path/Frameworks",
				);
				MARKETING_VERSION = 1.0;
				PRODUCT_BUNDLE_IDENTIFIER = com.sample.ios.SampleAlamoFire;
				PRODUCT_NAME = "$(TARGET_NAME)";
				SWIFT_EMIT_LOC_STRINGS = YES;
				SWIFT_VERSION = 5.0;
				TARGETED_DEVICE_FAMILY = "1,2";
			};
			name = Release;
		};
/* End XCBuildConfiguration section */

/* Begin XCConfigurationList section */
		D3DF157A29689846004424B1 /* Build configuration list for PBXProject "SampleAlamoFire" */ = {
			isa = XCConfigurationList;
			buildConfigurations = (
				D3DF158B29689847004424B1 /* Debug */,
				D3DF158C29689847004424B1 /* Release */,
			);
			defaultConfigurationIsVisible = 0;
			defaultConfigurationName = Release;
		};
		D3DF158D29689847004424B1 /* Build configuration list for PBXNativeTarget "SampleAlamoFire" */ = {
			isa = XCConfigurationList;
			buildConfigurations = (
				D3DF158E29689847004424B1 /* Debug */,
				D3DF158F29689847004424B1 /* Release */,
			);
			defaultConfigurationIsVisible = 0;
			defaultConfigurationName = Release;
		};
/* End XCConfigurationList section */
	};
	rootObject = D3DF157729689846004424B1 /* Project object */;
}
